
Microsoft Visual Studio Solution File, Format Version 12.00
# Visual Studio Version 17
VisualStudioVersion = 17.9.34622.214
MinimumVisualStudioVersion = 10.0.40219.1
Project("{FAE04EC0-301F-11D3-BF4B-00C04F79EFBC}") = "VTank Loot Editor", "VTank Loot Editor\VTank Loot Editor.csproj", "{F1A17902-8D11-4401-9E78-6DD67661D066}"
EndProject
Global
	GlobalSection(SolutionConfigurationPlatforms) = preSolution
		Debug|Any CPU = Debug|Any CPU
		Release|Any CPU = Release|Any CPU
	EndGlobalSection
	GlobalSection(ProjectConfigurationPlatforms) = postSolution
		{F1A17902-8D11-4401-9E78-6DD67661D066}.Debug|Any CPU.ActiveCfg = Debug|Any CPU
		{F1A17902-8D11-4401-9E78-6DD67661D066}.Debug|Any CPU.Build.0 = Debug|Any CPU
		{F1A17902-8D11-4401-9E78-6DD67661D066}.Release|Any CPU.ActiveCfg = Release|Any CPU
		{F1A17902-8D11-4401-9E78-6DD67661D066}.Release|Any CPU.Build.0 = Release|Any CPU
	EndGlobalSection
	GlobalSection(SolutionProperties) = preSolution
		HideSolutionNode = FALSE
	EndGlobalSection
	GlobalSection(ExtensibilityGlobals) = postSolution
		SolutionGuid = {7FCFAE36-D6BB-4FF9-8B09-B4B6503C5FF8}
	EndGlobalSection
EndGlobal
